
Microsoft Visual Studio Solution File, Format Version 12.00
# Visual Studio Version 17
VisualStudioVersion = 17.3.32825.248
MinimumVisualStudioVersion = 10.0.40219.1
Project("{9A19103F-16F7-4668-BE54-9A1E7A4F7556}") = "NET 6 WEB API and Entity Framework Core Jumpstart", "NET 6 WEB API and Entity Framework Core Jumpstart.csproj", "{C924E417-0A2E-460E-B002-87EEB66EBFE7}"
EndProject
Global
	GlobalSection(SolutionConfigurationPlatforms) = preSolution
		Debug|Any CPU = Debug|Any CPU
		Release|Any CPU = Release|Any CPU
	EndGlobalSection
	GlobalSection(ProjectConfigurationPlatforms) = postSolution
		{C924E417-0A2E-460E-B002-87EEB66EBFE7}.Debug|Any CPU.ActiveCfg = Debug|Any CPU
		{C924E417-0A2E-460E-B002-87EEB66EBFE7}.Debug|Any CPU.Build.0 = Debug|Any CPU
		{C924E417-0A2E-460E-B002-87EEB66EBFE7}.Release|Any CPU.ActiveCfg = Release|Any CPU
		{C924E417-0A2E-460E-B002-87EEB66EBFE7}.Release|Any CPU.Build.0 = Release|Any CPU
	EndGlobalSection
	GlobalSection(SolutionProperties) = preSolution
		HideSolutionNode = FALSE
	EndGlobalSection
	GlobalSection(ExtensibilityGlobals) = postSolution
		SolutionGuid = {59F3CC80-4722-4E89-B037-D8C49B833682}
	EndGlobalSection
EndGlobal
